
Microsoft Visual Studio Solution File, Format Version 11.00
# Visual Studio 2010
Project("{FAE04EC0-301F-11D3-BF4B-00C04F79EFBC}") = "Grille - etudiants", "Assembly-CSharp.csproj", "{0F981CDE-361B-E5EB-C177-37A12C71207E}"
EndProject
Project("{FAE04EC0-301F-11D3-BF4B-00C04F79EFBC}") = "Grille - etudiants", "Assembly-CSharp-Editor.csproj", "{1DC41F25-4AB0-9A16-25C7-A48EAB003A5C}"
EndProject
Global
	GlobalSection(SolutionConfigurationPlatforms) = preSolution
		Debug|Any CPU = Debug|Any CPU
		Release|Any CPU = Release|Any CPU
	EndGlobalSection
	GlobalSection(ProjectConfigurationPlatforms) = postSolution
		{0F981CDE-361B-E5EB-C177-37A12C71207E}.Debug|Any CPU.ActiveCfg = Debug|Any CPU
		{0F981CDE-361B-E5EB-C177-37A12C71207E}.Debug|Any CPU.Build.0 = Debug|Any CPU
		{0F981CDE-361B-E5EB-C177-37A12C71207E}.Release|Any CPU.ActiveCfg = Release|Any CPU
		{0F981CDE-361B-E5EB-C177-37A12C71207E}.Release|Any CPU.Build.0 = Release|Any CPU
		{1DC41F25-4AB0-9A16-25C7-A48EAB003A5C}.Debug|Any CPU.ActiveCfg = Debug|Any CPU
		{1DC41F25-4AB0-9A16-25C7-A48EAB003A5C}.Debug|Any CPU.Build.0 = Debug|Any CPU
		{1DC41F25-4AB0-9A16-25C7-A48EAB003A5C}.Release|Any CPU.ActiveCfg = Release|Any CPU
		{1DC41F25-4AB0-9A16-25C7-A48EAB003A5C}.Release|Any CPU.Build.0 = Release|Any CPU
	EndGlobalSection
	GlobalSection(SolutionProperties) = preSolution
		HideSolutionNode = FALSE
	EndGlobalSection
	GlobalSection(MonoDevelopProperties) = preSolution
		StartupItem = Assembly-CSharp.csproj
	EndGlobalSection
EndGlobal
